PODS:
  - common (0.0.1-SNAPSHOT)
  - PKHUD (5.3.0)
  - TinyConstraints (4.0.1)
  - Toast-Swift (5.0.1)

DEPENDENCIES:
  - common (from `../common`)
  - PKHUD (~> 5.0)
  - TinyConstraints
  - Toast-Swift (~> 5.0.1)

SPEC REPOS:
  trunk:
    - PKHUD
    - TinyConstraints
    - Toast-Swift

EXTERNAL SOURCES:
  common:
    :path: "../common"

SPEC CHECKSUMS:
  common: 768b83342fdb5319b0fdc722a7c3e417c7d177b3
  PKHUD: 98f3e4bc904b9c916f1c5bb6d765365b5357291b
  TinyConstraints: 8dd91295e56797648c7bc335dd20e1d91ec4c192
  Toast-Swift: 9b6a70f28b3bf0b96c40d46c0c4b9d6639846711

PODFILE CHECKSUM: a3ecb2f6e02a11ee1a0eec415ee8f4d998883459

COCOAPODS: 1.11.2
